PODS:
  - VonageClientSDKVoice (2.0.0):
    - VonageWebRTC (~> 99.13.76)
  - VonageWebRTC (99.13.88)

DEPENDENCIES:
  - VonageClientSDKVoice

SPEC REPOS:
  trunk:
    - VonageClientSDKVoice
    - VonageWebRTC

SPEC CHECKSUMS:
  VonageClientSDKVoice: ade8e530dd99e81572c87831cc8ed46f09fabd4e
  VonageWebRTC: c290e56427e29dee6e06fcfe8c4c013b1eddd083

PODFILE CHECKSUM: 26bd212e85c01df72a4d8c5d577912d99b1a254c

COCOAPODS: 1.16.2
